// !$*UTF8*$!
{
	archiveVersion = 1;
	classes = {
	};
	objectVersion = 46;
	objects = {

/* Begin PBXBuildFile section */
		16E06D691CE3889D0063BD19 /* AppDelegate.swift in Sources */ = {isa = PBXBuildFile; fileRef = 16E06D4A1CE3889D0063BD19 /* AppDelegate.swift */; };
		16E06D6A1CE3889D0063BD19 /* Assets.xcassets in Resources */ = {isa = PBXBuildFile; fileRef = 16E06D4B1CE3889D0063BD19 /* Assets.xcassets */; };
		16E06D6B1CE3889D0063BD19 /* LaunchScreen.storyboard in Resources */ = {isa = PBXBuildFile; fileRef = 16E06D4C1CE3889D0063BD19 /* LaunchScreen.storyboard */; };
		16E06D6D1CE3889D0063BD19 /* Detail.storyboard in Resources */ = {isa = PBXBuildFile; fileRef = 16E06D501CE3889D0063BD19 /* Detail.storyboard */; };
		16E06D711CE3889D0063BD19 /* Discover.storyboard in Resources */ = {isa = PBXBuildFile; fileRef = 16E06D551CE3889D0063BD19 /* Discover.storyboard */; };
		16E06D731CE3889D0063BD19 /* MainSearchCollectionViewCell.swift in Sources */ = {isa = PBXBuildFile; fileRef = 16E06D581CE3889D0063BD19 /* MainSearchCollectionViewCell.swift */; };
		16E06D741CE3889D0063BD19 /* MainSearchCollectionViewController.swift in Sources */ = {isa = PBXBuildFile; fileRef = 16E06D591CE3889D0063BD19 /* MainSearchCollectionViewController.swift */; };
		16E06D751CE3889D0063BD19 /* MainSearchHeaderCollectionReusableView.swift in Sources */ = {isa = PBXBuildFile; fileRef = 16E06D5A1CE3889D0063BD19 /* MainSearchHeaderCollectionReusableView.swift */; };
		16E06D761CE3889D0063BD19 /* UICollectionViewLeftAlignedFlowLayout.swift in Sources */ = {isa = PBXBuildFile; fileRef = 16E06D5B1CE3889D0063BD19 /* UICollectionViewLeftAlignedFlowLayout.swift */; };
		16E06D771CE3889D0063BD19 /* MainTabBarController.swift in Sources */ = {isa = PBXBuildFile; fileRef = 16E06D5C1CE3889D0063BD19 /* MainTabBarController.swift */; };
		16E06D791CE3889D0063BD19 /* TSPageResponseObject.swift in Sources */ = {isa = PBXBuildFile; fileRef = 16E06D5F1CE3889D0063BD19 /* TSPageResponseObject.swift */; };
		16E06D7A1CE3889D0063BD19 /* TSResponseObject.swift in Sources */ = {isa = PBXBuildFile; fileRef = 16E06D601CE3889D0063BD19 /* TSResponseObject.swift */; };
		16E06D7B1CE3889D0063BD19 /* TSSeasonDetailResponseObject.swift in Sources */ = {isa = PBXBuildFile; fileRef = 16E06D611CE3889D0063BD19 /* TSSeasonDetailResponseObject.swift */; };
		16E06D7C1CE3889D0063BD19 /* TSSeasonResponseObject.swift in Sources */ = {isa = PBXBuildFile; fileRef = 16E06D621CE3889D0063BD19 /* TSSeasonResponseObject.swift */; };
		16E06D7E1CE3889D0063BD19 /* TSNetRequestManager.swift in Sources */ = {isa = PBXBuildFile; fileRef = 16E06D651CE3889D0063BD19 /* TSNetRequestManager.swift */; };
		16E06D7F1CE3889D0063BD19 /* Search.storyboard in Resources */ = {isa = PBXBuildFile; fileRef = 16E06D661CE3889D0063BD19 /* Search.storyboard */; };
		16E06D801CE3889D0063BD19 /* TSSeasonDetailViewController.swift in Sources */ = {isa = PBXBuildFile; fileRef = 16E06D671CE3889D0063BD19 /* TSSeasonDetailViewController.swift */; };
		16E06D811CE3889D0063BD19 /* TSSeasonListViewController.swift in Sources */ = {isa = PBXBuildFile; fileRef = 16E06D681CE3889D0063BD19 /* TSSeasonListViewController.swift */; };
		16E06D981CE4D32A0063BD19 /* TSDiscoverViewController.swift in Sources */ = {isa = PBXBuildFile; fileRef = 16E06D901CE4D32A0063BD19 /* TSDiscoverViewController.swift */; };
		16E06D991CE4D32A0063BD19 /* TSDiscoverBannerHeader.swift in Sources */ = {isa = PBXBuildFile; fileRef = 16E06D921CE4D32A0063BD19 /* TSDiscoverBannerHeader.swift */; };
		16E06D9A1CE4D32A0063BD19 /* TSDiscoverBannerHeader.xib in Resources */ = {isa = PBXBuildFile; fileRef = 16E06D931CE4D32A0063BD19 /* TSDiscoverBannerHeader.xib */; };
		16E06D9B1CE4D32A0063BD19 /* TSDiscoverCollectionViewCell.swift in Sources */ = {isa = PBXBuildFile; fileRef = 16E06D941CE4D32A0063BD19 /* TSDiscoverCollectionViewCell.swift */; };
		16E06DA01CE4DE560063BD19 /* IOStickyHeaderFlowLayout.swift in Sources */ = {isa = PBXBuildFile; fileRef = 16E06D9E1CE4DE560063BD19 /* IOStickyHeaderFlowLayout.swift */; };
		16E06DA11CE4DE560063BD19 /* IOStickyHeaderFlowLayoutAttibutes.swift in Sources */ = {isa = PBXBuildFile; fileRef = 16E06D9F1CE4DE560063BD19 /* IOStickyHeaderFlowLayoutAttibutes.swift */; };
		16E06DA31CE4EC4F0063BD19 /* TSDiscoverSectionCell.swift in Sources */ = {isa = PBXBuildFile; fileRef = 16E06DA21CE4EC4F0063BD19 /* TSDiscoverSectionCell.swift */; };
		16E06DA61CE4F0CA0063BD19 /* TSDiscoverSectionModel.swift in Sources */ = {isa = PBXBuildFile; fileRef = 16E06DA51CE4F0CA0063BD19 /* TSDiscoverSectionModel.swift */; };
		7F57FAD11CB4E66D0063BC02 /* TVShowTests.swift in Sources */ = {isa = PBXBuildFile; fileRef = 7F57FAD01CB4E66D0063BC02 /* TVShowTests.swift */; };
		7F57FADC1CB4E66D0063BC02 /* TVShowUITests.swift in Sources */ = {isa = PBXBuildFile; fileRef = 7F57FADB1CB4E66D0063BC02 /* TVShowUITests.swift */; };
		AC844C6AD63A744B785F09C1 /* Pods.framework in Frameworks */ = {isa = PBXBuildFile; fileRef = CEBD8567F4FF23BE331376A0 /* Pods.framework */; };
/* End PBXBuildFile section */

/* Begin PBXContainerItemProxy section */
		7F57FACD1CB4E66D0063BC02 /* PBXContainerItemProxy */ = {
			isa = PBXContainerItemProxy;
			containerPortal = 7F57FAB01CB4E66D0063BC02 /* Project object */;
			proxyType = 1;
			remoteGlobalIDString = 7F57FAB71CB4E66D0063BC02;
			remoteInfo = TVShow;
		};
		7F57FAD81CB4E66D0063BC02 /* PBXContainerItemProxy */ = {
			isa = PBXContainerItemProxy;
			containerPortal = 7F57FAB01CB4E66D0063BC02 /* Project object */;
			proxyType = 1;
			remoteGlobalIDString = 7F57FAB71CB4E66D0063BC02;
			remoteInfo = TVShow;
		};
/* End PBXContainerItemProxy section */

/* Begin PBXFileReference section */
		16A52D3E1CC7ED7E008A2BCA /* Pods.framework */ = {isa = PBXFileReference; lastKnownFileType = wrapper.framework; name = Pods.framework; path = "Build/Products/Debug-iphonesimulator/Pods.framework"; sourceTree = "<group>"; };
		16E06D4A1CE3889D0063BD19 /* AppDelegate.swift */ = {isa = PBXFileReference; fileEncoding = 4; lastKnownFileType = sourcecode.swift; path = AppDelegate.swift; sourceTree = "<group>"; };
		16E06D4B1CE3889D0063BD19 /* Assets.xcassets */ = {isa = PBXFileReference; lastKnownFileType = folder.assetcatalog; path = Assets.xcassets; sourceTree = "<group>"; };
		16E06D4D1CE3889D0063BD19 /* Base */ = {isa = PBXFileReference; lastKnownFileType = file.storyboard; name = Base; path = Base.lproj/LaunchScreen.storyboard; sourceTree = "<group>"; };
		16E06D501CE3889D0063BD19 /* Detail.storyboard */ = {isa = PBXFileReference; fileEncoding = 4; lastKnownFileType = file.storyboard; path = Detail.storyboard; sourceTree = "<group>"; };
		16E06D551CE3889D0063BD19 /* Discover.storyboard */ = {isa = PBXFileReference; fileEncoding = 4; lastKnownFileType = file.storyboard; path = Discover.storyboard; sourceTree = "<group>"; };
		16E06D561CE3889D0063BD19 /* Info.plist */ = {isa = PBXFileReference; fileEncoding = 4; lastKnownFileType = text.plist.xml; path = Info.plist; sourceTree = "<group>"; };
		16E06D581CE3889D0063BD19 /* MainSearchCollectionViewCell.swift */ = {isa = PBXFileReference; fileEncoding = 4; lastKnownFileType = sourcecode.swift; path = MainSearchCollectionViewCell.swift; sourceTree = "<group>"; };
		16E06D591CE3889D0063BD19 /* MainSearchCollectionViewController.swift */ = {isa = PBXFileReference; fileEncoding = 4; lastKnownFileType = sourcecode.swift; path = MainSearchCollectionViewController.swift; sourceTree = "<group>"; };
		16E06D5A1CE3889D0063BD19 /* MainSearchHeaderCollectionReusableView.swift */ = {isa = PBXFileReference; fileEncoding = 4; lastKnownFileType = sourcecode.swift; path = MainSearchHeaderCollectionReusableView.swift; sourceTree = "<group>"; };
		16E06D5B1CE3889D0063BD19 /* UICollectionViewLeftAlignedFlowLayout.swift */ = {isa = PBXFileReference; fileEncoding = 4; lastKnownFileType = sourcecode.swift; path = UICollectionViewLeftAlignedFlowLayout.swift; sourceTree = "<group>"; };
		16E06D5C1CE3889D0063BD19 /* MainTabBarController.swift */ = {isa = PBXFileReference; fileEncoding = 4; lastKnownFileType = sourcecode.swift; path = MainTabBarController.swift; sourceTree = "<group>"; };
		16E06D5F1CE3889D0063BD19 /* TSPageResponseObject.swift */ = {isa = PBXFileReference; fileEncoding = 4; lastKnownFileType = sourcecode.swift; path = TSPageResponseObject.swift; sourceTree = "<group>"; };
		16E06D601CE3889D0063BD19 /* TSResponseObject.swift */ = {isa = PBXFileReference; fileEncoding = 4; lastKnownFileType = sourcecode.swift; path = TSResponseObject.swift; sourceTree = "<group>"; };
		16E06D611CE3889D0063BD19 /* TSSeasonDetailResponseObject.swift */ = {isa = PBXFileReference; fileEncoding = 4; lastKnownFileType = sourcecode.swift; path = TSSeasonDetailResponseObject.swift; sourceTree = "<group>"; };
		16E06D621CE3889D0063BD19 /* TSSeasonResponseObject.swift */ = {isa = PBXFileReference; fileEncoding = 4; lastKnownFileType = sourcecode.swift; path = TSSeasonResponseObject.swift; sourceTree = "<group>"; };
		16E06D651CE3889D0063BD19 /* TSNetRequestManager.swift */ = {isa = PBXFileReference; fileEncoding = 4; lastKnownFileType = sourcecode.swift; path = TSNetRequestManager.swift; sourceTree = "<group>"; };
		16E06D661CE3889D0063BD19 /* Search.storyboard */ = {isa = PBXFileReference; fileEncoding = 4; lastKnownFileType = file.storyboard; path = Search.storyboard; sourceTree = "<group>"; };
		16E06D671CE3889D0063BD19 /* TSSeasonDetailViewController.swift */ = {isa = PBXFileReference; fileEncoding = 4; lastKnownFileType = sourcecode.swift; path = TSSeasonDetailViewController.swift; sourceTree = "<group>"; };
		16E06D681CE3889D0063BD19 /* TSSeasonListViewController.swift */ = {isa = PBXFileReference; fileEncoding = 4; lastKnownFileType = sourcecode.swift; path = TSSeasonListViewController.swift; sourceTree = "<group>"; };
		16E06D901CE4D32A0063BD19 /* TSDiscoverViewController.swift */ = {isa = PBXFileReference; fileEncoding = 4; lastKnownFileType = sourcecode.swift; path = TSDiscoverViewController.swift; sourceTree = "<group>"; };
		16E06D921CE4D32A0063BD19 /* TSDiscoverBannerHeader.swift */ = {isa = PBXFileReference; fileEncoding = 4; lastKnownFileType = sourcecode.swift; path = TSDiscoverBannerHeader.swift; sourceTree = "<group>"; };
		16E06D931CE4D32A0063BD19 /* TSDiscoverBannerHeader.xib */ = {isa = PBXFileReference; fileEncoding = 4; lastKnownFileType = file.xib; path = TSDiscoverBannerHeader.xib; sourceTree = "<group>"; };
		16E06D941CE4D32A0063BD19 /* TSDiscoverCollectionViewCell.swift */ = {isa = PBXFileReference; fileEncoding = 4; lastKnownFileType = sourcecode.swift; path = TSDiscoverCollectionViewCell.swift; sourceTree = "<group>"; };
		16E06D9E1CE4DE560063BD19 /* IOStickyHeaderFlowLayout.swift */ = {isa = PBXFileReference; fileEncoding = 4; lastKnownFileType = sourcecode.swift; path = IOStickyHeaderFlowLayout.swift; sourceTree = "<group>"; };
		16E06D9F1CE4DE560063BD19 /* IOStickyHeaderFlowLayoutAttibutes.swift */ = {isa = PBXFileReference; fileEncoding = 4; lastKnownFileType = sourcecode.swift; path = IOStickyHeaderFlowLayoutAttibutes.swift; sourceTree = "<group>"; };
		16E06DA21CE4EC4F0063BD19 /* TSDiscoverSectionCell.swift */ = {isa = PBXFileReference; fileEncoding = 4; lastKnownFileType = sourcecode.swift; path = TSDiscoverSectionCell.swift; sourceTree = "<group>"; };
		16E06DA51CE4F0CA0063BD19 /* TSDiscoverSectionModel.swift */ = {isa = PBXFileReference; fileEncoding = 4; lastKnownFileType = sourcecode.swift; path = TSDiscoverSectionModel.swift; sourceTree = "<group>"; };
		7F57FAB81CB4E66D0063BC02 /* TVShow.app */ = {isa = PBXFileReference; explicitFileType = wrapper.application; includeInIndex = 0; path = TVShow.app; sourceTree = BUILT_PRODUCTS_DIR; };
		7F57FACC1CB4E66D0063BC02 /* TVShowTests.xctest */ = {isa = PBXFileReference; explicitFileType = wrapper.cfbundle; includeInIndex = 0; path = TVShowTests.xctest; sourceTree = BUILT_PRODUCTS_DIR; };
		7F57FAD01CB4E66D0063BC02 /* TVShowTests.swift */ = {isa = PBXFileReference; lastKnownFileType = sourcecode.swift; path = TVShowTests.swift; sourceTree = "<group>"; };
		7F57FAD21CB4E66D0063BC02 /* Info.plist */ = {isa = PBXFileReference; lastKnownFileType = text.plist.xml; path = Info.plist; sourceTree = "<group>"; };
		7F57FAD71CB4E66D0063BC02 /* TVShowUITests.xctest */ = {isa = PBXFileReference; explicitFileType = wrapper.cfbundle; includeInIndex = 0; path = TVShowUITests.xctest; sourceTree = BUILT_PRODUCTS_DIR; };
		7F57FADB1CB4E66D0063BC02 /* TVShowUITests.swift */ = {isa = PBXFileReference; lastKnownFileType = sourcecode.swift; path = TVShowUITests.swift; sourceTree = "<group>"; };
		7F57FADD1CB4E66D0063BC02 /* Info.plist */ = {isa = PBXFileReference; lastKnownFileType = text.plist.xml; path = Info.plist; sourceTree = "<group>"; };
		8142867907DF8D64922574D7 /* Pods_TVShow.framework */ = {isa = PBXFileReference; explicitFileType = wrapper.framework; includeInIndex = 0; path = Pods_TVShow.framework; sourceTree = BUILT_PRODUCTS_DIR; };
		CEBD8567F4FF23BE331376A0 /* Pods.framework */ = {isa = PBXFileReference; explicitFileType = wrapper.framework; includeInIndex = 0; path = Pods.framework; sourceTree = BUILT_PRODUCTS_DIR; };
		D1ECAEE95CFB0CE7675E2B2F /* Pods.release.xcconfig */ = {isa = PBXFileReference; includeInIndex = 1; lastKnownFileType = text.xcconfig; name = Pods.release.xcconfig; path = "Pods/Target Support Files/Pods/Pods.release.xcconfig"; sourceTree = "<group>"; };
		F6FFC888DFE1828A16444EB5 /* Pods.debug.xcconfig */ = {isa = PBXFileReference; includeInIndex = 1; lastKnownFileType = text.xcconfig; name = Pods.debug.xcconfig; path = "Pods/Target Support Files/Pods/Pods.debug.xcconfig"; sourceTree = "<group>"; };
/* End PBXFileReference section */

/* Begin PBXFrameworksBuildPhase section */
		7F57FAB51CB4E66D0063BC02 /* Frameworks */ = {
			isa = PBXFrameworksBuildPhase;
			buildActionMask = 2147483647;
			files = (
				AC844C6AD63A744B785F09C1 /* Pods.framework in Frameworks */,
			);
			runOnlyForDeploymentPostprocessing = 0;
		};
		7F57FAC91CB4E66D0063BC02 /* Frameworks */ = {
			isa = PBXFrameworksBuildPhase;
			buildActionMask = 2147483647;
			files = (
			);
			runOnlyForDeploymentPostprocessing = 0;
		};
		7F57FAD41CB4E66D0063BC02 /* Frameworks */ = {
			isa = PBXFrameworksBuildPhase;
			buildActionMask = 2147483647;
			files = (
			);
			runOnlyForDeploymentPostprocessing = 0;
		};
/* End PBXFrameworksBuildPhase section */

/* Begin PBXGroup section */
		0848D3241B81B22032048B7D /* Frameworks */ = {
			isa = PBXGroup;
			children = (
				16A52D3E1CC7ED7E008A2BCA /* Pods.framework */,
				CEBD8567F4FF23BE331376A0 /* Pods.framework */,
				8142867907DF8D64922574D7 /* Pods_TVShow.framework */,
			);
			name = Frameworks;
			sourceTree = "<group>";
		};
		16E06D491CE3889D0063BD19 /* TVShow */ = {
			isa = PBXGroup;
			children = (
				16E06D4A1CE3889D0063BD19 /* AppDelegate.swift */,
				16E06D4B1CE3889D0063BD19 /* Assets.xcassets */,
				16E06D4C1CE3889D0063BD19 /* LaunchScreen.storyboard */,
				16E06D501CE3889D0063BD19 /* Detail.storyboard */,
				16E06D551CE3889D0063BD19 /* Discover.storyboard */,
				16E06D561CE3889D0063BD19 /* Info.plist */,
				16E06D8C1CE4D32A0063BD19 /* Discover */,
				16E06D571CE3889D0063BD19 /* MainSearchViewController */,
				16E06D5C1CE3889D0063BD19 /* MainTabBarController.swift */,
				16E06D5D1CE3889D0063BD19 /* NetModel */,
				16E06D641CE3889D0063BD19 /* NetRequestManager */,
				16E06D661CE3889D0063BD19 /* Search.storyboard */,
				16E06D671CE3889D0063BD19 /* TSSeasonDetailViewController.swift */,
				16E06D681CE3889D0063BD19 /* TSSeasonListViewController.swift */,
			);
			path = TVShow;
			sourceTree = "<group>";
		};
		16E06D571CE3889D0063BD19 /* MainSearchViewController */ = {
			isa = PBXGroup;
			children = (
				16E06D581CE3889D0063BD19 /* MainSearchCollectionViewCell.swift */,
				16E06D591CE3889D0063BD19 /* MainSearchCollectionViewController.swift */,
				16E06D5A1CE3889D0063BD19 /* MainSearchHeaderCollectionReusableView.swift */,
				16E06D5B1CE3889D0063BD19 /* UICollectionViewLeftAlignedFlowLayout.swift */,
			);
			path = MainSearchViewController;
			sourceTree = "<group>";
		};
		16E06D5D1CE3889D0063BD19 /* NetModel */ = {
			isa = PBXGroup;
			children = (
				16E06D5F1CE3889D0063BD19 /* TSPageResponseObject.swift */,
				16E06D601CE3889D0063BD19 /* TSResponseObject.swift */,
				16E06D611CE3889D0063BD19 /* TSSeasonDetailResponseObject.swift */,
				16E06D621CE3889D0063BD19 /* TSSeasonResponseObject.swift */,
			);
			path = NetModel;
			sourceTree = "<group>";
		};
		16E06D641CE3889D0063BD19 /* NetRequestManager */ = {
			isa = PBXGroup;
			children = (
				16E06D651CE3889D0063BD19 /* TSNetRequestManager.swift */,
			);
			path = NetRequestManager;
			sourceTree = "<group>";
		};
		16E06D8C1CE4D32A0063BD19 /* Discover */ = {
			isa = PBXGroup;
			children = (
				16E06DA41CE4F0AB0063BD19 /* Model */,
				16E06D9E1CE4DE560063BD19 /* IOStickyHeaderFlowLayout.swift */,
				16E06D9F1CE4DE560063BD19 /* IOStickyHeaderFlowLayoutAttibutes.swift */,
				16E06D901CE4D32A0063BD19 /* TSDiscoverViewController.swift */,
				16E06D911CE4D32A0063BD19 /* View */,
			);
			path = Discover;
			sourceTree = "<group>";
		};
		16E06D911CE4D32A0063BD19 /* View */ = {
			isa = PBXGroup;
			children = (
				16E06D921CE4D32A0063BD19 /* TSDiscoverBannerHeader.swift */,
				16E06D931CE4D32A0063BD19 /* TSDiscoverBannerHeader.xib */,
				16E06D941CE4D32A0063BD19 /* TSDiscoverCollectionViewCell.swift */,
				16E06DA21CE4EC4F0063BD19 /* TSDiscoverSectionCell.swift */,
			);
			path = View;
			sourceTree = "<group>";
		};
		16E06DA41CE4F0AB0063BD19 /* Model */ = {
			isa = PBXGroup;
			children = (
				16E06DA51CE4F0CA0063BD19 /* TSDiscoverSectionModel.swift */,
			);
			path = Model;
			sourceTree = "<group>";
		};
		7F57FAAF1CB4E66D0063BC02 = {
			isa = PBXGroup;
			children = (
				16E06D491CE3889D0063BD19 /* TVShow */,
				7F57FACF1CB4E66D0063BC02 /* TVShowTests */,
				7F57FADA1CB4E66D0063BC02 /* TVShowUITests */,
				7F57FAB91CB4E66D0063BC02 /* Products */,
				0848D3241B81B22032048B7D /* Frameworks */,
				F0CE635549F3F0440352D64D /* Pods */,
			);
			sourceTree = "<group>";
		};
		7F57FAB91CB4E66D0063BC02 /* Products */ = {
			isa = PBXGroup;
			children = (
				7F57FAB81CB4E66D0063BC02 /* TVShow.app */,
				7F57FACC1CB4E66D0063BC02 /* TVShowTests.xctest */,
				7F57FAD71CB4E66D0063BC02 /* TVShowUITests.xctest */,
			);
			name = Products;
			sourceTree = "<group>";
		};
		7F57FACF1CB4E66D0063BC02 /* TVShowTests */ = {
			isa = PBXGroup;
			children = (
				7F57FAD01CB4E66D0063BC02 /* TVShowTests.swift */,
				7F57FAD21CB4E66D0063BC02 /* Info.plist */,
			);
			path = TVShowTests;
			sourceTree = "<group>";
		};
		7F57FADA1CB4E66D0063BC02 /* TVShowUITests */ = {
			isa = PBXGroup;
			children = (
				7F57FADB1CB4E66D0063BC02 /* TVShowUITests.swift */,
				7F57FADD1CB4E66D0063BC02 /* Info.plist */,
			);
			path = TVShowUITests;
			sourceTree = "<group>";
		};
		F0CE635549F3F0440352D64D /* Pods */ = {
			isa = PBXGroup;
			children = (
				F6FFC888DFE1828A16444EB5 /* Pods.debug.xcconfig */,
				D1ECAEE95CFB0CE7675E2B2F /* Pods.release.xcconfig */,
			);
			name = Pods;
			sourceTree = "<group>";
		};
/* End PBXGroup section */

/* Begin PBXNativeTarget section */
		7F57FAB71CB4E66D0063BC02 /* TVShow */ = {
			isa = PBXNativeTarget;
			buildConfigurationList = 7F57FAE01CB4E66D0063BC02 /* Build configuration list for PBXNativeTarget "TVShow" */;
			buildPhases = (
				2E1C65FB437196248E4076D0 /* Check Pods Manifest.lock */,
				7F57FAB41CB4E66D0063BC02 /* Sources */,
				7F57FAB51CB4E66D0063BC02 /* Frameworks */,
				7F57FAB61CB4E66D0063BC02 /* Resources */,
				DE5148A704A7F342083619FD /* Embed Pods Frameworks */,
				B4639E8F37FAA02A38458A53 /* Copy Pods Resources */,
			);
			buildRules = (
			);
			dependencies = (
			);
			name = TVShow;
			productName = TVShow;
			productReference = 7F57FAB81CB4E66D0063BC02 /* TVShow.app */;
			productType = "com.apple.product-type.application";
		};
		7F57FACB1CB4E66D0063BC02 /* TVShowTests */ = {
			isa = PBXNativeTarget;
			buildConfigurationList = 7F57FAE31CB4E66D0063BC02 /* Build configuration list for PBXNativeTarget "TVShowTests" */;
			buildPhases = (
				7F57FAC81CB4E66D0063BC02 /* Sources */,
				7F57FAC91CB4E66D0063BC02 /* Frameworks */,
				7F57FACA1CB4E66D0063BC02 /* Resources */,
			);
			buildRules = (
			);
			dependencies = (
				7F57FACE1CB4E66D0063BC02 /* PBXTargetDependency */,
			);
			name = TVShowTests;
			productName = TVShowTests;
			productReference = 7F57FACC1CB4E66D0063BC02 /* TVShowTests.xctest */;
			productType = "com.apple.product-type.bundle.unit-test";
		};
		7F57FAD61CB4E66D0063BC02 /* TVShowUITests */ = {
			isa = PBXNativeTarget;
			buildConfigurationList = 7F57FAE61CB4E66D0063BC02 /* Build configuration list for PBXNativeTarget "TVShowUITests" */;
			buildPhases = (
				7F57FAD31CB4E66D0063BC02 /* Sources */,
				7F57FAD41CB4E66D0063BC02 /* Frameworks */,
				7F57FAD51CB4E66D0063BC02 /* Resources */,
			);
			buildRules = (
			);
			dependencies = (
				7F57FAD91CB4E66D0063BC02 /* PBXTargetDependency */,
			);
			name = TVShowUITests;
			productName = TVShowUITests;
			productReference = 7F57FAD71CB4E66D0063BC02 /* TVShowUITests.xctest */;
			productType = "com.apple.product-type.bundle.ui-testing";
		};
/* End PBXNativeTarget section */

/* Begin PBXProject section */
		7F57FAB01CB4E66D0063BC02 /* Project object */ = {
			isa = PBXProject;
			attributes = {
				LastSwiftUpdateCheck = 0720;
				LastUpgradeCheck = 0730;
				ORGANIZATIONNAME = imeng;
				TargetAttributes = {
					7F57FAB71CB4E66D0063BC02 = {
						CreatedOnToolsVersion = 7.2.1;
					};
					7F57FACB1CB4E66D0063BC02 = {
						CreatedOnToolsVersion = 7.2.1;
						TestTargetID = 7F57FAB71CB4E66D0063BC02;
					};
					7F57FAD61CB4E66D0063BC02 = {
						CreatedOnToolsVersion = 7.2.1;
						TestTargetID = 7F57FAB71CB4E66D0063BC02;
					};
				};
			};
			buildConfigurationList = 7F57FAB31CB4E66D0063BC02 /* Build configuration list for PBXProject "TVShow" */;
			compatibilityVersion = "Xcode 3.2";
			developmentRegion = English;
			hasScannedForEncodings = 0;
			knownRegions = (
				en,
				Base,
			);
			mainGroup = 7F57FAAF1CB4E66D0063BC02;
			productRefGroup = 7F57FAB91CB4E66D0063BC02 /* Products */;
			projectDirPath = "";
			projectRoot = "";
			targets = (
				7F57FAB71CB4E66D0063BC02 /* TVShow */,
				7F57FACB1CB4E66D0063BC02 /* TVShowTests */,
				7F57FAD61CB4E66D0063BC02 /* TVShowUITests */,
			);
		};
/* End PBXProject section */

/* Begin PBXResourcesBuildPhase section */
		7F57FAB61CB4E66D0063BC02 /* Resources */ = {
			isa = PBXResourcesBuildPhase;
			buildActionMask = 2147483647;
			files = (
				16E06D9A1CE4D32A0063BD19 /* TSDiscoverBannerHeader.xib in Resources */,
				16E06D6A1CE3889D0063BD19 /* Assets.xcassets in Resources */,
				16E06D711CE3889D0063BD19 /* Discover.storyboard in Resources */,
				16E06D7F1CE3889D0063BD19 /* Search.storyboard in Resources */,
				16E06D6B1CE3889D0063BD19 /* LaunchScreen.storyboard in Resources */,
				16E06D6D1CE3889D0063BD19 /* Detail.storyboard in Resources */,
			);
			runOnlyForDeploymentPostprocessing = 0;
		};
		7F57FACA1CB4E66D0063BC02 /* Resources */ = {
			isa = PBXResourcesBuildPhase;
			buildActionMask = 2147483647;
			files = (
			);
			runOnlyForDeploymentPostprocessing = 0;
		};
		7F57FAD51CB4E66D0063BC02 /* Resources */ = {
			isa = PBXResourcesBuildPhase;
			buildActionMask = 2147483647;
			files = (
			);
			runOnlyForDeploymentPostprocessing = 0;
		};
/* End PBXResourcesBuildPhase section */

/* Begin PBXShellScriptBuildPhase section */
		2E1C65FB437196248E4076D0 /* Check Pods Manifest.lock */ = {
			isa = PBXShellScriptBuildPhase;
			buildActionMask = 2147483647;
			files = (
			);
			inputPaths = (
			);
			name = "Check Pods Manifest.lock";
			outputPaths = (
			);
			runOnlyForDeploymentPostprocessing = 0;
			shellPath = /bin/sh;
			shellScript = "diff \"${PODS_ROOT}/../Podfile.lock\" \"${PODS_ROOT}/Manifest.lock\" > /dev/null\nif [[ $? != 0 ]] ; then\n    cat << EOM\nerror: The sandbox is not in sync with the Podfile.lock. Run 'pod install' or update your CocoaPods installation.\nEOM\n    exit 1\nfi\n";
			showEnvVarsInLog = 0;
		};
		B4639E8F37FAA02A38458A53 /* Copy Pods Resources */ = {
			isa = PBXShellScriptBuildPhase;
			buildActionMask = 2147483647;
			files = (
			);
			inputPaths = (
			);
			name = "Copy Pods Resources";
			outputPaths = (
			);
			runOnlyForDeploymentPostprocessing = 0;
			shellPath = /bin/sh;
			shellScript = "\"${SRCROOT}/Pods/Target Support Files/Pods/Pods-resources.sh\"\n";
			showEnvVarsInLog = 0;
		};
		DE5148A704A7F342083619FD /* Embed Pods Frameworks */ = {
			isa = PBXShellScriptBuildPhase;
			buildActionMask = 2147483647;
			files = (
			);
			inputPaths = (
			);
			name = "Embed Pods Frameworks";
			outputPaths = (
			);
			runOnlyForDeploymentPostprocessing = 0;
			shellPath = /bin/sh;
			shellScript = "\"${SRCROOT}/Pods/Target Support Files/Pods/Pods-frameworks.sh\"\n";
			showEnvVarsInLog = 0;
		};
/* End PBXShellScriptBuildPhase section */

/* Begin PBXSourcesBuildPhase section */
		7F57FAB41CB4E66D0063BC02 /* Sources */ = {
			isa = PBXSourcesBuildPhase;
			buildActionMask = 2147483647;
			files = (
				16E06D9B1CE4D32A0063BD19 /* TSDiscoverCollectionViewCell.swift in Sources */,
				16E06DA61CE4F0CA0063BD19 /* TSDiscoverSectionModel.swift in Sources */,
				16E06D801CE3889D0063BD19 /* TSSeasonDetailViewController.swift in Sources */,
				16E06D761CE3889D0063BD19 /* UICollectionViewLeftAlignedFlowLayout.swift in Sources */,
				16E06D751CE3889D0063BD19 /* MainSearchHeaderCollectionReusableView.swift in Sources */,
				16E06D7C1CE3889D0063BD19 /* TSSeasonResponseObject.swift in Sources */,
				16E06D771CE3889D0063BD19 /* MainTabBarController.swift in Sources */,
				16E06D991CE4D32A0063BD19 /* TSDiscoverBannerHeader.swift in Sources */,
				16E06D7E1CE3889D0063BD19 /* TSNetRequestManager.swift in Sources */,
				16E06DA01CE4DE560063BD19 /* IOStickyHeaderFlowLayout.swift in Sources */,
				16E06D731CE3889D0063BD19 /* MainSearchCollectionViewCell.swift in Sources */,
				16E06DA11CE4DE560063BD19 /* IOStickyHeaderFlowLayoutAttibutes.swift in Sources */,
				16E06D811CE3889D0063BD19 /* TSSeasonListViewController.swift in Sources */,
				16E06D7B1CE3889D0063BD19 /* TSSeasonDetailResponseObject.swift in Sources */,
				16E06D7A1CE3889D0063BD19 /* TSResponseObject.swift in Sources */,
				16E06D691CE3889D0063BD19 /* AppDelegate.swift in Sources */,
				16E06D981CE4D32A0063BD19 /* TSDiscoverViewController.swift in Sources */,
				16E06DA31CE4EC4F0063BD19 /* TSDiscoverSectionCell.swift in Sources */,
				16E06D791CE3889D0063BD19 /* TSPageResponseObject.swift in Sources */,
				16E06D741CE3889D0063BD19 /* MainSearchCollectionViewController.swift in Sources */,
			);
			runOnlyForDeploymentPostprocessing = 0;
		};
		7F57FAC81CB4E66D0063BC02 /* Sources */ = {
			isa = PBXSourcesBuildPhase;
			buildActionMask = 2147483647;
			files = (
				7F57FAD11CB4E66D0063BC02 /* TVShowTests.swift in Sources */,
			);
			runOnlyForDeploymentPostprocessing = 0;
		};
		7F57FAD31CB4E66D0063BC02 /* Sources */ = {
			isa = PBXSourcesBuildPhase;
			buildActionMask = 2147483647;
			files = (
				7F57FADC1CB4E66D0063BC02 /* TVShowUITests.swift in Sources */,
			);
			runOnlyForDeploymentPostprocessing = 0;
		};
/* End PBXSourcesBuildPhase section */

/* Begin PBXTargetDependency section */
		7F57FACE1CB4E66D0063BC02 /* PBXTargetDependency */ = {
			isa = PBXTargetDependency;
			target = 7F57FAB71CB4E66D0063BC02 /* TVShow */;
			targetProxy = 7F57FACD1CB4E66D0063BC02 /* PBXContainerItemProxy */;
		};
		7F57FAD91CB4E66D0063BC02 /* PBXTargetDependency */ = {
			isa = PBXTargetDependency;
			target = 7F57FAB71CB4E66D0063BC02 /* TVShow */;
			targetProxy = 7F57FAD81CB4E66D0063BC02 /* PBXContainerItemProxy */;
		};
/* End PBXTargetDependency section */

/* Begin PBXVariantGroup section */
		16E06D4C1CE3889D0063BD19 /* LaunchScreen.storyboard */ = {
			isa = PBXVariantGroup;
			children = (
				16E06D4D1CE3889D0063BD19 /* Base */,
			);
			name = LaunchScreen.storyboard;
			sourceTree = "<group>";
		};
/* End PBXVariantGroup section */

/* Begin XCBuildConfiguration section */
		7F57FADE1CB4E66D0063BC02 /* Debug */ = {
			isa = XCBuildConfiguration;
			buildSettings = {
				ALWAYS_SEARCH_USER_PATHS = NO;
				CLANG_CXX_LANGUAGE_STANDARD = "gnu++0x";
				CLANG_CXX_LIBRARY = "libc++";
				CLANG_ENABLE_MODULES = YES;
				CLANG_ENABLE_OBJC_ARC = YES;
				CLANG_WARN_BOOL_CONVERSION = YES;
				CLANG_WARN_CONSTANT_CONVERSION = YES;
				CLANG_WARN_DIRECT_OBJC_ISA_USAGE = YES_ERROR;
				CLANG_WARN_EMPTY_BODY = YES;
				CLANG_WARN_ENUM_CONVERSION = YES;
				CLANG_WARN_INT_CONVERSION = YES;
				CLANG_WARN_OBJC_ROOT_CLASS = YES_ERROR;
				CLANG_WARN_UNREACHABLE_CODE = YES;
				CLANG_WARN__DUPLICATE_METHOD_MATCH = YES;
				"CODE_SIGN_IDENTITY[sdk=iphoneos*]" = "iPhone Developer";
				COPY_PHASE_STRIP = NO;
				DEBUG_INFORMATION_FORMAT = dwarf;
				ENABLE_STRICT_OBJC_MSGSEND = YES;
				ENABLE_TESTABILITY = YES;
				GCC_C_LANGUAGE_STANDARD = gnu99;
				GCC_DYNAMIC_NO_PIC = NO;
				GCC_NO_COMMON_BLOCKS = YES;
				GCC_OPTIMIZATION_LEVEL = 0;
				GCC_PREPROCESSOR_DEFINITIONS = (
					"DEBUG=1",
					"$(inherited)",
				);
				GCC_WARN_64_TO_32_BIT_CONVERSION = YES;
				GCC_WARN_ABOUT_RETURN_TYPE = YES_ERROR;
				GCC_WARN_UNDECLARED_SELECTOR = YES;
				GCC_WARN_UNINITIALIZED_AUTOS = YES_AGGRESSIVE;
				GCC_WARN_UNUSED_FUNCTION = YES;
				GCC_WARN_UNUSED_VARIABLE = YES;
				IPHONEOS_DEPLOYMENT_TARGET = 9.2;
				MTL_ENABLE_DEBUG_INFO = YES;
				ONLY_ACTIVE_ARCH = YES;
				SDKROOT = iphoneos;
				SWIFT_OPTIMIZATION_LEVEL = "-Onone";
				TARGETED_DEVICE_FAMILY = "1,2";
			};
			name = Debug;
		};
		7F57FADF1CB4E66D0063BC02 /* Release */ = {
			isa = XCBuildConfiguration;
			buildSettings = {
				ALWAYS_SEARCH_USER_PATHS = NO;
				CLANG_CXX_LANGUAGE_STANDARD = "gnu++0x";
				CLANG_CXX_LIBRARY = "libc++";
				CLANG_ENABLE_MODULES = YES;
				CLANG_ENABLE_OBJC_ARC = YES;
				CLANG_WARN_BOOL_CONVERSION = YES;
				CLANG_WARN_CONSTANT_CONVERSION = YES;
				CLANG_WARN_DIRECT_OBJC_ISA_USAGE = YES_ERROR;
				CLANG_WARN_EMPTY_BODY = YES;
				CLANG_WARN_ENUM_CONVERSION = YES;
				CLANG_WARN_INT_CONVERSION = YES;
				CLANG_WARN_OBJC_ROOT_CLASS = YES_ERROR;
				CLANG_WARN_UNREACHABLE_CODE = YES;
				CLANG_WARN__DUPLICATE_METHOD_MATCH = YES;
				"CODE_SIGN_IDENTITY[sdk=iphoneos*]" = "iPhone Developer";
				COPY_PHASE_STRIP = NO;
				DEBUG_INFORMATION_FORMAT = "dwarf-with-dsym";
				ENABLE_NS_ASSERTIONS = NO;
				ENABLE_STRICT_OBJC_MSGSEND = YES;
				GCC_C_LANGUAGE_STANDARD = gnu99;
				GCC_NO_COMMON_BLOCKS = YES;
				GCC_WARN_64_TO_32_BIT_CONVERSION = YES;
				GCC_WARN_ABOUT_RETURN_TYPE = YES_ERROR;
				GCC_WARN_UNDECLARED_SELECTOR = YES;
				GCC_WARN_UNINITIALIZED_AUTOS = YES_AGGRESSIVE;
				GCC_WARN_UNUSED_FUNCTION = YES;
				GCC_WARN_UNUSED_VARIABLE = YES;
				IPHONEOS_DEPLOYMENT_TARGET = 9.2;
				MTL_ENABLE_DEBUG_INFO = NO;
				SDKROOT = iphoneos;
				TARGETED_DEVICE_FAMILY = "1,2";
				VALIDATE_PRODUCT = YES;
			};
			name = Release;
		};
		7F57FAE11CB4E66D0063BC02 /* Debug */ = {
			isa = XCBuildConfiguration;
			baseConfigurationReference = F6FFC888DFE1828A16444EB5 /* Pods.debug.xcconfig */;
			buildSettings = {
				ASSETCATALOG_COMPILER_APPICON_NAME = AppIcon;
				FRAMEWORK_SEARCH_PATHS = (
					"$(inherited)",
					"$(PROJECT_DIR)/Build/Products/Debug-iphonesimulator",
				);
				INFOPLIST_FILE = TVShow/Info.plist;
				LD_RUNPATH_SEARCH_PATHS = "$(inherited) @executable_path/Frameworks";
				PRODUCT_BUNDLE_IDENTIFIER = com.imengX.TVShow;
				PRODUCT_NAME = "$(TARGET_NAME)";
			};
			name = Debug;
		};
		7F57FAE21CB4E66D0063BC02 /* Release */ = {
			isa = XCBuildConfiguration;
			baseConfigurationReference = D1ECAEE95CFB0CE7675E2B2F /* Pods.release.xcconfig */;
			buildSettings = {
				ASSETCATALOG_COMPILER_APPICON_NAME = AppIcon;
				FRAMEWORK_SEARCH_PATHS = (
					"$(inherited)",
					"$(PROJECT_DIR)/Build/Products/Debug-iphonesimulator",
				);
				INFOPLIST_FILE = TVShow/Info.plist;
				LD_RUNPATH_SEARCH_PATHS = "$(inherited) @executable_path/Frameworks";
				PRODUCT_BUNDLE_IDENTIFIER = com.imengX.TVShow;
				PRODUCT_NAME = "$(TARGET_NAME)";
			};
			name = Release;
		};
		7F57FAE41CB4E66D0063BC02 /* Debug */ = {
			isa = XCBuildConfiguration;
			buildSettings = {
				BUNDLE_LOADER = "$(TEST_HOST)";
				INFOPLIST_FILE = TVShowTests/Info.plist;
				LD_RUNPATH_SEARCH_PATHS = "$(inherited) @executable_path/Frameworks @loader_path/Frameworks";
				PRODUCT_BUNDLE_IDENTIFIER = com.imengX.TVShowTests;
				PRODUCT_NAME = "$(TARGET_NAME)";
				TEST_HOST = "$(BUILT_PRODUCTS_DIR)/TVShow.app/TVShow";
			};
			name = Debug;
		};
		7F57FAE51CB4E66D0063BC02 /* Release */ = {
			isa = XCBuildConfiguration;
			buildSettings = {
				BUNDLE_LOADER = "$(TEST_HOST)";
				INFOPLIST_FILE = TVShowTests/Info.plist;
				LD_RUNPATH_SEARCH_PATHS = "$(inherited) @executable_path/Frameworks @loader_path/Frameworks";
				PRODUCT_BUNDLE_IDENTIFIER = com.imengX.TVShowTests;
				PRODUCT_NAME = "$(TARGET_NAME)";
				TEST_HOST = "$(BUILT_PRODUCTS_DIR)/TVShow.app/TVShow";
			};
			name = Release;
		};
		7F57FAE71CB4E66D0063BC02 /* Debug */ = {
			isa = XCBuildConfiguration;
			buildSettings = {
				INFOPLIST_FILE = TVShowUITests/Info.plist;
				LD_RUNPATH_SEARCH_PATHS = "$(inherited) @executable_path/Frameworks @loader_path/Frameworks";
				PRODUCT_BUNDLE_IDENTIFIER = com.imengX.TVShowUITests;
				PRODUCT_NAME = "$(TARGET_NAME)";
				TEST_TARGET_NAME = TVShow;
				USES_XCTRUNNER = YES;
			};
			name = Debug;
		};
		7F57FAE81CB4E66D0063BC02 /* Release */ = {
			isa = XCBuildConfiguration;
			buildSettings = {
				INFOPLIST_FILE = TVShowUITests/Info.plist;
				LD_RUNPATH_SEARCH_PATHS = "$(inherited) @executable_path/Frameworks @loader_path/Frameworks";
				PRODUCT_BUNDLE_IDENTIFIER = com.imengX.TVShowUITests;
				PRODUCT_NAME = "$(TARGET_NAME)";
				TEST_TARGET_NAME = TVShow;
				USES_XCTRUNNER = YES;
			};
			name = Release;
		};
/* End XCBuildConfiguration section */

/* Begin XCConfigurationList section */
		7F57FAB31CB4E66D0063BC02 /* Build configuration list for PBXProject "TVShow" */ = {
			isa = XCConfigurationList;
			buildConfigurations = (
				7F57FADE1CB4E66D0063BC02 /* Debug */,
				7F57FADF1CB4E66D0063BC02 /* Release */,
			);
			defaultConfigurationIsVisible = 0;
			defaultConfigurationName = Release;
		};
		7F57FAE01CB4E66D0063BC02 /* Build configuration list for PBXNativeTarget "TVShow" */ = {
			isa = XCConfigurationList;
			buildConfigurations = (
				7F57FAE11CB4E66D0063BC02 /* Debug */,
				7F57FAE21CB4E66D0063BC02 /* Release */,
			);
			defaultConfigurationIsVisible = 0;
			defaultConfigurationName = Release;
		};
		7F57FAE31CB4E66D0063BC02 /* Build configuration list for PBXNativeTarget "TVShowTests" */ = {
			isa = XCConfigurationList;
			buildConfigurations = (
				7F57FAE41CB4E66D0063BC02 /* Debug */,
				7F57FAE51CB4E66D0063BC02 /* Release */,
			);
			defaultConfigurationIsVisible = 0;
			defaultConfigurationName = Release;
		};
		7F57FAE61CB4E66D0063BC02 /* Build configuration list for PBXNativeTarget "TVShowUITests" */ = {
			isa = XCConfigurationList;
			buildConfigurations = (
				7F57FAE71CB4E66D0063BC02 /* Debug */,
				7F57FAE81CB4E66D0063BC02 /* Release */,
			);
			defaultConfigurationIsVisible = 0;
			defaultConfigurationName = Release;
		};
/* End XCConfigurationList section */
	};
	rootObject = 7F57FAB01CB4E66D0063BC02 /* Project object */;
}
